
Microsoft Visual Studio Solution File, Format Version 12.00
# Visual Studio Express 14 for Windows Desktop
VisualStudioVersion = 14.0.24720.0
MinimumVisualStudioVersion = 10.0.40219.1
Project("{FAE04EC0-301F-11D3-BF4B-00C04F79EFBC}") = "DoxyPatch", "DoxyPatch\DoxyPatch.csproj", "{C0C4B6E2-110F-4CF0-8D9C-6F90EC35AEF9}"
EndProject
Global
	GlobalSection(SolutionConfigurationPlatforms) = preSolution
		Debug|Any CPU = Debug|Any CPU
		Release|Any CPU = Release|Any CPU
	EndGlobalSection
	GlobalSection(ProjectConfigurationPlatforms) = postSolution
		{C0C4B6E2-110F-4CF0-8D9C-6F90EC35AEF9}.Debug|Any CPU.ActiveCfg = Debug|Any CPU
		{C0C4B6E2-110F-4CF0-8D9C-6F90EC35AEF9}.Debug|Any CPU.Build.0 = Debug|Any CPU
		{C0C4B6E2-110F-4CF0-8D9C-6F90EC35AEF9}.Release|Any CPU.ActiveCfg = Release|Any CPU
		{C0C4B6E2-110F-4CF0-8D9C-6F90EC35AEF9}.Release|Any CPU.Build.0 = Release|Any CPU
	EndGlobalSection
	GlobalSection(SolutionProperties) = preSolution
		HideSolutionNode = FALSE
	EndGlobalSection
EndGlobal
